
Microsoft Visual Studio Solution File, Format Version 12.00
# Visual Studio 15
VisualStudioVersion = 15.0.28307.1169
MinimumVisualStudioVersion = 10.0.40219.1
Project("{FAE04EC0-301F-11D3-BF4B-00C04F79EFBC}") = "SchoolMgtSystem", "SchoolMgtSystem\SchoolMgtSystem.csproj", "{6A670045-BE08-46AD-B6E6-F3E93BA261AF}"
EndProject
Project("{FAE04EC0-301F-11D3-BF4B-00C04F79EFBC}") = "SchoolDBAccess", "SchoolDBAccess\SchoolDBAccess.csproj", "{5BF026BC-6EEB-4687-AA6D-FEE28F31991E}"
EndProject
Global
	GlobalSection(SolutionConfigurationPlatforms) = preSolution
		Debug|Any CPU = Debug|Any CPU
		Release|Any CPU = Release|Any CPU
	EndGlobalSection
	GlobalSection(ProjectConfigurationPlatforms) = postSolution
		{6A670045-BE08-46AD-B6E6-F3E93BA261AF}.Debug|Any CPU.ActiveCfg = Debug|Any CPU
		{6A670045-BE08-46AD-B6E6-F3E93BA261AF}.Debug|Any CPU.Build.0 = Debug|Any CPU
		{6A670045-BE08-46AD-B6E6-F3E93BA261AF}.Release|Any CPU.ActiveCfg = Release|Any CPU
		{6A670045-BE08-46AD-B6E6-F3E93BA261AF}.Release|Any CPU.Build.0 = Release|Any CPU
		{5BF026BC-6EEB-4687-AA6D-FEE28F31991E}.Debug|Any CPU.ActiveCfg = Debug|Any CPU
		{5BF026BC-6EEB-4687-AA6D-FEE28F31991E}.Debug|Any CPU.Build.0 = Debug|Any CPU
		{5BF026BC-6EEB-4687-AA6D-FEE28F31991E}.Release|Any CPU.ActiveCfg = Release|Any CPU
		{5BF026BC-6EEB-4687-AA6D-FEE28F31991E}.Release|Any CPU.Build.0 = Release|Any CPU
	EndGlobalSection
	GlobalSection(SolutionProperties) = preSolution
		HideSolutionNode = FALSE
	EndGlobalSection
	GlobalSection(ExtensibilityGlobals) = postSolution
		SolutionGuid = {1A067F95-504E-46B1-8791-168E940F6E4B}
	EndGlobalSection
EndGlobal
